<?xml version="1.0" encoding="utf-8"?>
<Project ToolsVersion="4.0" xmlns="http://schemas.microsoft.com/developer/msbuild/2003">
  <ItemGroup>
    <FxCompile Include="PixelShader.hlsl">
      <Filter>リソースファイル</Filter>
    </FxCompile>
    <FxCompile Include="VertexShader.hlsl">
      <Filter>リソースファイル</Filter>
    </FxCompile>
  </ItemGroup>
  <ItemGroup>
    <ClCompile Include="main.cpp">
      <Filter>ソースファイル\00-Main</Filter>
    </ClCompile>
    <ClCompile Include="CollisionManager.cpp">
      <Filter>ソースファイル\01-Manager管理\01-CollisionManager</Filter>
    </ClCompile>
    <ClCompile Include="SceneManager.cpp">
      <Filter>ソースファイル\01-Manager管理\02-SceneManager</Filter>
    </ClCompile>
    <ClCompile Include="Object.cpp">
      <Filter>ソースファイル\02-Object管理\00-Object</Filter>
    </ClCompile>
    <ClCompile Include="Platform.cpp">
      <Filter>ソースファイル\02-Object管理\01-Platform</Filter>
    </ClCompile>
    <ClCompile Include="Game.cpp">
      <Filter>ソースファイル\03-システム、入出力関係\01-Game</Filter>
    </ClCompile>
    <ClCompile Include="input.cpp">
      <Filter>ソースファイル\03-システム、入出力関係\02-Input</Filter>
    </ClCompile>
    <ClCompile Include="sound.cpp">
      <Filter>ソースファイル\03-システム、入出力関係\03-Sound</Filter>
    </ClCompile>
    <ClCompile Include="Camera2D.cpp">
      <Filter>ソースファイル\04-描画関係\01-Camera</Filter>
    </ClCompile>
    <ClCompile Include="Renderer.cpp">
      <Filter>ソースファイル\04-描画関係\02-Renderer</Filter>
    </ClCompile>
    <ClCompile Include="Texture.cpp">
      <Filter>ソースファイル\04-描画関係\03-Texture</Filter>
    </ClCompile>
    <ClCompile Include="stb_image.cpp">
      <Filter>ソースファイル\04-描画関係\04-std_image</Filter>
    </ClCompile>
    <ClCompile Include="SceneTitle.cpp">
      <Filter>ソースファイル\10-Scene管理\01-SceneTitle</Filter>
    </ClCompile>
    <ClCompile Include="SceneSelect.cpp">
      <Filter>ソースファイル\10-Scene管理\02-SceneSelect</Filter>
    </ClCompile>
    <ClCompile Include="SceneGame.cpp">
      <Filter>ソースファイル\10-Scene管理\03-SceneGame</Filter>
    </ClCompile>
    <ClCompile Include="DebugStage.cpp">
      <Filter>ソースファイル\20-Stage管理\999-DebugStage</Filter>
    </ClCompile>
    <ClCompile Include="OldStage2.cpp">
      <Filter>ソースファイル\20-Stage管理\02-Stage2</Filter>
    </ClCompile>
    <ClCompile Include="Enemy.cpp">
      <Filter>ソースファイル\02-Object管理\03-Enemy\00-Enemy</Filter>
    </ClCompile>
    <ClCompile Include="Rippa.cpp">
      <Filter>ソースファイル\02-Object管理\03-Enemy\01-Rippa</Filter>
    </ClCompile>
    <ClCompile Include="Player.cpp">
      <Filter>ソースファイル\02-Object管理\02-Player\00-Player</Filter>
    </ClCompile>
    <ClCompile Include="NeedleFloor.cpp">
      <Filter>ソースファイル\02-Object管理\03-Enemy\03-NeedleFloor</Filter>
    </ClCompile>
    <ClCompile Include="Ribbon.cpp">
      <Filter>ソースファイル\02-Object管理\04-Ribbon</Filter>
    </ClCompile>
    <ClCompile Include="Pin.cpp">
      <Filter>ソースファイル\02-Object管理\05-Gimmick\01-Pin</Filter>
    </ClCompile>
    <ClCompile Include="Hariyama.cpp">
      <Filter>ソースファイル\02-Object管理\03-Enemy\04-Hariyama</Filter>
    </ClCompile>
    <ClCompile Include="BlockPin.cpp">
      <Filter>ソースファイル\02-Object管理\05-Gimmick\02-BlockPin</Filter>
    </ClCompile>
    <ClCompile Include="WingRippa.cpp">
      <Filter>ソースファイル\02-Object管理\03-Enemy\02-WingRipper</Filter>
    </ClCompile>
    <ClCompile Include="Stage1.cpp">
      <Filter>ソースファイル\20-Stage管理\01-Stage1</Filter>
    </ClCompile>
    <ClCompile Include="TutorialStage.cpp">
      <Filter>ソースファイル\20-Stage管理\10-TutorialStage</Filter>
    </ClCompile>
    <ClCompile Include="RemoteWindPin.cpp">
      <Filter>ソースファイル\02-Object管理\05-Gimmick\02-RemoteWindPin</Filter>
    </ClCompile>
    <ClCompile Include="Goal.cpp">
      <Filter>ソースファイル\02-Object管理\05-Gimmick\10-Goal</Filter>
    </ClCompile>
    <ClCompile Include="Tutorial.cpp">
      <Filter>ソースファイル\02-Object管理\05-Gimmick\20-Tutorial</Filter>
    </ClCompile>
    <ClCompile Include="OldStage1.cpp">
      <Filter>ソースファイル\20-Stage管理\01-Stage1</Filter>
    </ClCompile>
    <ClCompile Include="Stage2.cpp">
      <Filter>ソースファイル\20-Stage管理\02-Stage2</Filter>
    </ClCompile>
  </ItemGroup>
  <ItemGroup>
    <ClInclude Include="CollisionManager.h">
      <Filter>ソースファイル\01-Manager管理\01-CollisionManager</Filter>
    </ClInclude>
    <ClInclude Include="SceneManager.h">
      <Filter>ソースファイル\01-Manager管理\02-SceneManager</Filter>
    </ClInclude>
    <ClInclude Include="StageManager.h">
      <Filter>ソースファイル\01-Manager管理\03-StageManager</Filter>
    </ClInclude>
    <ClInclude Include="Object.h">
      <Filter>ソースファイル\02-Object管理\00-Object</Filter>
    </ClInclude>
    <ClInclude Include="Platform.h">
      <Filter>ソースファイル\02-Object管理\01-Platform</Filter>
    </ClInclude>
    <ClInclude Include="Resource.h">
      <Filter>ソースファイル\03-システム、入出力関係\000-Resource</Filter>
    </ClInclude>
    <ClInclude Include="framework.h">
      <Filter>ソースファイル\03-システム、入出力関係\00-framework</Filter>
    </ClInclude>
    <ClInclude Include="Game.h">
      <Filter>ソースファイル\03-システム、入出力関係\01-Game</Filter>
    </ClInclude>
    <ClInclude Include="input.h">
      <Filter>ソースファイル\03-システム、入出力関係\02-Input</Filter>
    </ClInclude>
    <ClInclude Include="sound.h">
      <Filter>ソースファイル\03-システム、入出力関係\03-Sound</Filter>
    </ClInclude>
    <ClInclude Include="Camera2D.h">
      <Filter>ソースファイル\04-描画関係\01-Camera</Filter>
    </ClInclude>
    <ClInclude Include="Renderer.h">
      <Filter>ソースファイル\04-描画関係\02-Renderer</Filter>
    </ClInclude>
    <ClInclude Include="Texture.h">
      <Filter>ソースファイル\04-描画関係\03-Texture</Filter>
    </ClInclude>
    <ClInclude Include="stb_image.h">
      <Filter>ソースファイル\04-描画関係\04-std_image</Filter>
    </ClInclude>
    <ClInclude Include="SceneID.h">
      <Filter>ソースファイル\10-Scene管理\000-SceneID</Filter>
    </ClInclude>
    <ClInclude Include="SceneBase.h">
      <Filter>ソースファイル\10-Scene管理\00-SceneBace</Filter>
    </ClInclude>
    <ClInclude Include="SceneTitle.h">
      <Filter>ソースファイル\10-Scene管理\01-SceneTitle</Filter>
    </ClInclude>
    <ClInclude Include="SceneSelect.h">
      <Filter>ソースファイル\10-Scene管理\02-SceneSelect</Filter>
    </ClInclude>
    <ClInclude Include="SceneGame.h">
      <Filter>ソースファイル\10-Scene管理\03-SceneGame</Filter>
    </ClInclude>
    <ClInclude Include="DebugStage.h">
      <Filter>ソースファイル\20-Stage管理\999-DebugStage</Filter>
    </ClInclude>
    <ClInclude Include="Stage1.h">
      <Filter>ソースファイル\20-Stage管理\01-Stage1</Filter>
    </ClInclude>
    <ClInclude Include="OldStage2.h">
      <Filter>ソースファイル\20-Stage管理\02-Stage2</Filter>
    </ClInclude>
    <ClInclude Include="StageBase.h">
      <Filter>ソースファイル\20-Stage管理\00-StageBase</Filter>
    </ClInclude>
    <ClInclude Include="Enemy.h">
      <Filter>ソースファイル\02-Object管理\03-Enemy\00-Enemy</Filter>
    </ClInclude>
    <ClInclude Include="Rippa.h">
      <Filter>ソースファイル\02-Object管理\03-Enemy\01-Rippa</Filter>
    </ClInclude>
    <ClInclude Include="Player.h">
      <Filter>ソースファイル\02-Object管理\02-Player\00-Player</Filter>
    </ClInclude>
    <ClInclude Include="NeedleFloor.h">
      <Filter>ソースファイル\02-Object管理\03-Enemy\03-NeedleFloor</Filter>
    </ClInclude>
    <ClInclude Include="Ribbon.h">
      <Filter>ソースファイル\02-Object管理\04-Ribbon</Filter>
    </ClInclude>
    <ClInclude Include="Pin.h">
      <Filter>ソースファイル\02-Object管理\05-Gimmick\01-Pin</Filter>
    </ClInclude>
    <ClInclude Include="Hariyama.h">
      <Filter>ソースファイル\02-Object管理\03-Enemy\04-Hariyama</Filter>
    </ClInclude>
    <ClInclude Include="BlockPin.h">
      <Filter>ソースファイル\02-Object管理\05-Gimmick\02-BlockPin</Filter>
    </ClInclude>
    <ClInclude Include="WingRippa.h">
      <Filter>ソースファイル\02-Object管理\03-Enemy\02-WingRipper</Filter>
    </ClInclude>
    <ClInclude Include="TutorialStage.h">
      <Filter>ソースファイル\20-Stage管理\10-TutorialStage</Filter>
    </ClInclude>
    <ClInclude Include="RemoteWindPin.h">
      <Filter>ソースファイル\02-Object管理\05-Gimmick\02-RemoteWindPin</Filter>
    </ClInclude>
    <ClInclude Include="Goal.h">
      <Filter>ソースファイル\02-Object管理\05-Gimmick\10-Goal</Filter>
    </ClInclude>
    <ClInclude Include="Tutorial.h">
      <Filter>ソースファイル\02-Object管理\05-Gimmick\20-Tutorial</Filter>
    </ClInclude>
    <ClInclude Include="OldStage1.h">
      <Filter>ソースファイル\20-Stage管理\01-Stage1</Filter>
    </ClInclude>
    <ClInclude Include="Stage2.h">
      <Filter>ソースファイル\20-Stage管理\02-Stage2</Filter>
    </ClInclude>
  </ItemGroup>
  <ItemGroup>
    <Filter Include="リソースファイル">
      <UniqueIdentifier>{4d402f36-1878-448d-98b6-acd4bd26b968}</UniqueIdentifier>
    </Filter>
    <Filter Include="ソースファイル">
      <UniqueIdentifier>{5d039003-ca5a-457c-aa44-ebbaf114e18d}</UniqueIdentifier>
    </Filter>
    <Filter Include="ソースファイル\00-Main">
      <UniqueIdentifier>{86871081-8d41-4ba1-89b1-3dd3d905e1f6}</UniqueIdentifier>
    </Filter>
    <Filter Include="ソースファイル\01-Manager管理">
      <UniqueIdentifier>{0d2b568b-e78f-4b6d-a28b-6ce2d195d344}</UniqueIdentifier>
    </Filter>
    <Filter Include="ソースファイル\02-Object管理">
      <UniqueIdentifier>{1cffd945-57af-46dd-9453-69a7d9f105f8}</UniqueIdentifier>
    </Filter>
    <Filter Include="ソースファイル\03-システム、入出力関係">
      <UniqueIdentifier>{b2ab92c9-0b7d-4972-8602-8cc9a028d24d}</UniqueIdentifier>
    </Filter>
    <Filter Include="ソースファイル\04-描画関係">
      <UniqueIdentifier>{d6453c59-912a-4b9b-8d94-73121387f099}</UniqueIdentifier>
    </Filter>
    <Filter Include="ソースファイル\20-Stage管理">
      <UniqueIdentifier>{91c43bc3-f74b-4a3c-8afe-8822d5861979}</UniqueIdentifier>
    </Filter>
    <Filter Include="ソースファイル\01-Manager管理\01-CollisionManager">
      <UniqueIdentifier>{531d3af8-a1b7-4f7c-858c-a10041f23781}</UniqueIdentifier>
    </Filter>
    <Filter Include="ソースファイル\01-Manager管理\02-SceneManager">
      <UniqueIdentifier>{71223de9-ae1b-4683-b2d5-9d4297caad9d}</UniqueIdentifier>
    </Filter>
    <Filter Include="ソースファイル\01-Manager管理\03-StageManager">
      <UniqueIdentifier>{f07eacdd-40a4-4d02-bb65-45558ba2ed62}</UniqueIdentifier>
    </Filter>
    <Filter Include="ソースファイル\02-Object管理\00-Object">
      <UniqueIdentifier>{13ee1bb4-09bf-4d4c-a8eb-0a684fc8b409}</UniqueIdentifier>
    </Filter>
    <Filter Include="ソースファイル\02-Object管理\01-Platform">
      <UniqueIdentifier>{94137d67-5e3b-447c-9a74-249fd1fada6f}</UniqueIdentifier>
    </Filter>
    <Filter Include="ソースファイル\02-Object管理\02-Player">
      <UniqueIdentifier>{5e5cafcb-f572-4c20-810b-53f7cbe3852c}</UniqueIdentifier>
    </Filter>
    <Filter Include="ソースファイル\02-Object管理\03-Enemy">
      <UniqueIdentifier>{01160d71-5521-42e7-b819-9c2211b039c5}</UniqueIdentifier>
    </Filter>
    <Filter Include="ソースファイル\03-システム、入出力関係\000-Resource">
      <UniqueIdentifier>{7ae86ecb-edbf-43d6-a82c-0a7e906df38f}</UniqueIdentifier>
    </Filter>
    <Filter Include="ソースファイル\03-システム、入出力関係\00-framework">
      <UniqueIdentifier>{6a472d53-6d82-4c55-8e0f-540387856b96}</UniqueIdentifier>
    </Filter>
    <Filter Include="ソースファイル\03-システム、入出力関係\01-Game">
      <UniqueIdentifier>{b49a3cbb-c51c-451e-b4ae-b6ac15760bad}</UniqueIdentifier>
    </Filter>
    <Filter Include="ソースファイル\03-システム、入出力関係\02-Input">
      <UniqueIdentifier>{0aa4a963-91d6-4e6d-8222-3271976191e2}</UniqueIdentifier>
    </Filter>
    <Filter Include="ソースファイル\03-システム、入出力関係\03-Sound">
      <UniqueIdentifier>{8b1dc629-319f-4d22-b539-67fe37c5754b}</UniqueIdentifier>
    </Filter>
    <Filter Include="ソースファイル\04-描画関係\01-Camera">
      <UniqueIdentifier>{18be011a-f06e-461a-9fa1-fcf0f842a6a7}</UniqueIdentifier>
    </Filter>
    <Filter Include="ソースファイル\04-描画関係\02-Renderer">
      <UniqueIdentifier>{d87d68a2-0f0a-4408-87ed-d848530cf67e}</UniqueIdentifier>
    </Filter>
    <Filter Include="ソースファイル\04-描画関係\03-Texture">
      <UniqueIdentifier>{b1d304d6-a52c-4033-9238-ae10d11c1be2}</UniqueIdentifier>
    </Filter>
    <Filter Include="ソースファイル\04-描画関係\04-std_image">
      <UniqueIdentifier>{2d727072-f4f2-46ac-a9c0-eed69044b76c}</UniqueIdentifier>
    </Filter>
    <Filter Include="ソースファイル\10-Scene管理">
      <UniqueIdentifier>{6b3b7d9c-90f8-4d7f-9b8d-aed8f3e305da}</UniqueIdentifier>
    </Filter>
    <Filter Include="ソースファイル\10-Scene管理\000-SceneID">
      <UniqueIdentifier>{4aca59d2-4c5b-4943-b9f3-0675a65f086f}</UniqueIdentifier>
    </Filter>
    <Filter Include="ソースファイル\10-Scene管理\00-SceneBace">
      <UniqueIdentifier>{df484960-af1c-41cc-a85c-b1bfca251529}</UniqueIdentifier>
    </Filter>
    <Filter Include="ソースファイル\10-Scene管理\01-SceneTitle">
      <UniqueIdentifier>{6d93f1dd-cdf6-46cf-9172-88768c38e13f}</UniqueIdentifier>
    </Filter>
    <Filter Include="ソースファイル\10-Scene管理\02-SceneSelect">
      <UniqueIdentifier>{ed60e649-0923-4ab1-a083-84e058777e49}</UniqueIdentifier>
    </Filter>
    <Filter Include="ソースファイル\10-Scene管理\03-SceneGame">
      <UniqueIdentifier>{af4af8c8-ac1f-4064-a757-c2410fd65608}</UniqueIdentifier>
    </Filter>
    <Filter Include="ソースファイル\20-Stage管理\00-StageBase">
      <UniqueIdentifier>{e5e1d626-ad88-4cec-a96e-73467899e9e3}</UniqueIdentifier>
    </Filter>
    <Filter Include="ソースファイル\20-Stage管理\01-Stage1">
      <UniqueIdentifier>{bcc181c0-93ed-4ac8-8ab3-355a6a7807e0}</UniqueIdentifier>
    </Filter>
    <Filter Include="ソースファイル\20-Stage管理\02-Stage2">
      <UniqueIdentifier>{1593944c-74bf-48e6-bc31-7fd32a4dded5}</UniqueIdentifier>
    </Filter>
    <Filter Include="ソースファイル\20-Stage管理\999-DebugStage">
      <UniqueIdentifier>{4be61244-302f-4a2d-8899-7664871a4730}</UniqueIdentifier>
    </Filter>
    <Filter Include="ソースファイル\02-Object管理\03-Enemy\00-Enemy">
      <UniqueIdentifier>{073b5fc7-734f-4f5e-9b80-dd7409b671f7}</UniqueIdentifier>
    </Filter>
    <Filter Include="ソースファイル\02-Object管理\03-Enemy\01-Rippa">
      <UniqueIdentifier>{95d51200-0b93-4a2f-b3d2-9690c421e7eb}</UniqueIdentifier>
    </Filter>
    <Filter Include="ソースファイル\02-Object管理\02-Player\00-Player">
      <UniqueIdentifier>{6cc1e70e-4534-421b-97b7-76b0841327e8}</UniqueIdentifier>
    </Filter>
    <Filter Include="ソースファイル\02-Object管理\04-Ribbon">
      <UniqueIdentifier>{fd131e57-3358-4d2d-9f9f-4f049795b7e6}</UniqueIdentifier>
    </Filter>
    <Filter Include="ソースファイル\02-Object管理\03-Enemy\04-Hariyama">
      <UniqueIdentifier>{748be58c-056a-41a5-883b-7e0658b89887}</UniqueIdentifier>
    </Filter>
    <Filter Include="ソースファイル\02-Object管理\05-Gimmick">
      <UniqueIdentifier>{6d9179d6-a167-4485-8303-0a404bd99ff1}</UniqueIdentifier>
    </Filter>
    <Filter Include="ソースファイル\02-Object管理\05-Gimmick\01-Pin">
      <UniqueIdentifier>{0819c183-e794-4a96-a11c-f72eda531d64}</UniqueIdentifier>
    </Filter>
    <Filter Include="ソースファイル\02-Object管理\05-Gimmick\02-BlockPin">
      <UniqueIdentifier>{3b1f747d-101c-4161-8502-036a31861743}</UniqueIdentifier>
    </Filter>
    <Filter Include="ソースファイル\02-Object管理\03-Enemy\03-NeedleFloor">
      <UniqueIdentifier>{90b0d8fc-4d9c-42f3-bca3-a5dd33d017cc}</UniqueIdentifier>
    </Filter>
    <Filter Include="ソースファイル\02-Object管理\03-Enemy\02-WingRipper">
      <UniqueIdentifier>{48c4e522-9d34-42c6-9a97-dd3593d94972}</UniqueIdentifier>
    </Filter>
    <Filter Include="ソースファイル\02-Object管理\05-Gimmick\02-RemoteWindPin">
      <UniqueIdentifier>{98dd7a9a-a51d-4257-8f73-6e3e4955e3a4}</UniqueIdentifier>
    </Filter>
    <Filter Include="ソースファイル\02-Object管理\05-Gimmick\10-Goal">
      <UniqueIdentifier>{1a64ee99-8e71-4e62-bef4-d1cf36e4f084}</UniqueIdentifier>
    </Filter>
    <Filter Include="ソースファイル\02-Object管理\05-Gimmick\20-Tutorial">
      <UniqueIdentifier>{29077aaa-1882-4080-b177-9bbf34f8e169}</UniqueIdentifier>
    </Filter>
    <Filter Include="ソースファイル\20-Stage管理\10-TutorialStage">
      <UniqueIdentifier>{7d075e80-0e8c-4888-81db-5f0eb93457ac}</UniqueIdentifier>
    </Filter>
  </ItemGroup>
</Project>